
Microsoft Visual Studio Solution File, Format Version 12.00
# Visual Studio 15
VisualStudioVersion = 15.0.28010.2048
MinimumVisualStudioVersion = 10.0.40219.1
Project("{FAE04EC0-301F-11D3-BF4B-00C04F79EFBC}") = "SymbolDetector", "SymbolDetector\SymbolDetector.csproj", "{038626B7-6287-426C-949A-CB7551647923}"
EndProject
Global
	GlobalSection(SolutionConfigurationPlatforms) = preSolution
		Debug|Any CPU = Debug|Any CPU
		Release|Any CPU = Release|Any CPU
	EndGlobalSection
	GlobalSection(ProjectConfigurationPlatforms) = postSolution
		{038626B7-6287-426C-949A-CB7551647923}.Debug|Any CPU.ActiveCfg = Debug|Any CPU
		{038626B7-6287-426C-949A-CB7551647923}.Debug|Any CPU.Build.0 = Debug|Any CPU
		{038626B7-6287-426C-949A-CB7551647923}.Release|Any CPU.ActiveCfg = Release|Any CPU
		{038626B7-6287-426C-949A-CB7551647923}.Release|Any CPU.Build.0 = Release|Any CPU
	EndGlobalSection
	GlobalSection(SolutionProperties) = preSolution
		HideSolutionNode = FALSE
	EndGlobalSection
	GlobalSection(ExtensibilityGlobals) = postSolution
		SolutionGuid = {1E1D5450-4B3A-4E7B-B416-BD39248962CA}
	EndGlobalSection
EndGlobal
